// !$*UTF8*$!
{
	archiveVersion = 1;
	classes = {
	};
	objectVersion = 56;
	objects = {

/* Begin PBXBuildFile section */
		9680E0642B4A40D40066F767 /* AppDelegate.swift in Sources */ = {isa = PBXBuildFile; fileRef = 9680E0632B4A40D40066F767 /* AppDelegate.swift */; };
		9680E0662B4A40D40066F767 /* SceneDelegate.swift in Sources */ = {isa = PBXBuildFile; fileRef = 9680E0652B4A40D40066F767 /* SceneDelegate.swift */; };
		9680E0682B4A40D40066F767 /* MainTabbarViewController.swift in Sources */ = {isa = PBXBuildFile; fileRef = 9680E0672B4A40D40066F767 /* MainTabbarViewController.swift */; };
		9680E06D2B4A40D50066F767 /* Assets.xcassets in Resources */ = {isa = PBXBuildFile; fileRef = 9680E06C2B4A40D50066F767 /* Assets.xcassets */; };
		9680E0702B4A40D50066F767 /* LaunchScreen.storyboard in Resources */ = {isa = PBXBuildFile; fileRef = 9680E06E2B4A40D50066F767 /* LaunchScreen.storyboard */; };
		9680E07B2B4A40D50066F767 /* SocialNetworkTests.swift in Sources */ = {isa = PBXBuildFile; fileRef = 9680E07A2B4A40D50066F767 /* SocialNetworkTests.swift */; };
		9680E0852B4A40D50066F767 /* SocialNetworkUITests.swift in Sources */ = {isa = PBXBuildFile; fileRef = 9680E0842B4A40D50066F767 /* SocialNetworkUITests.swift */; };
		9680E0872B4A40D50066F767 /* SocialNetworkUITestsLaunchTests.swift in Sources */ = {isa = PBXBuildFile; fileRef = 9680E0862B4A40D50066F767 /* SocialNetworkUITestsLaunchTests.swift */; };
		9680E0962B4A44460066F767 /* HomeViewController.swift in Sources */ = {isa = PBXBuildFile; fileRef = 9680E0952B4A44460066F767 /* HomeViewController.swift */; };
		9680E0982B4A44730066F767 /* SearchViewController.swift in Sources */ = {isa = PBXBuildFile; fileRef = 9680E0972B4A44730066F767 /* SearchViewController.swift */; };
		9680E09A2B4A44990066F767 /* DirectMessagesViewController.swift in Sources */ = {isa = PBXBuildFile; fileRef = 9680E0992B4A44990066F767 /* DirectMessagesViewController.swift */; };
		9680E09C2B4A46390066F767 /* NotificationsViewController.swift in Sources */ = {isa = PBXBuildFile; fileRef = 9680E09B2B4A46390066F767 /* NotificationsViewController.swift */; };
		9680E09F2B4A5C730066F767 /* TweetTableViewCell.swift in Sources */ = {isa = PBXBuildFile; fileRef = 9680E09E2B4A5C730066F767 /* TweetTableViewCell.swift */; };
		968753102B5BBDC7005C1124 /* RegisterViewController.swift in Sources */ = {isa = PBXBuildFile; fileRef = 9687530F2B5BBDC7005C1124 /* RegisterViewController.swift */; };
		968753132B5BD12E005C1124 /* RegisterViewViewModel.swift in Sources */ = {isa = PBXBuildFile; fileRef = 968753122B5BD12E005C1124 /* RegisterViewViewModel.swift */; };
		968753162B5C1AB4005C1124 /* AuthManager.swift in Sources */ = {isa = PBXBuildFile; fileRef = 968753152B5C1AB4005C1124 /* AuthManager.swift */; };
		969470262B5973F0005A5044 /* GoogleService-Info.plist in Resources */ = {isa = PBXBuildFile; fileRef = 969470252B5973F0005A5044 /* GoogleService-Info.plist */; };
		969470292B597728005A5044 /* FirebaseAuth in Frameworks */ = {isa = PBXBuildFile; productRef = 969470282B597728005A5044 /* FirebaseAuth */; };
		9694702B2B597728005A5044 /* FirebaseAuthCombine-Community in Frameworks */ = {isa = PBXBuildFile; productRef = 9694702A2B597728005A5044 /* FirebaseAuthCombine-Community */; };
		9694702D2B597728005A5044 /* FirebaseDatabase in Frameworks */ = {isa = PBXBuildFile; productRef = 9694702C2B597728005A5044 /* FirebaseDatabase */; };
		9694702F2B597728005A5044 /* FirebaseDatabaseSwift in Frameworks */ = {isa = PBXBuildFile; productRef = 9694702E2B597728005A5044 /* FirebaseDatabaseSwift */; };
		969470312B597728005A5044 /* FirebaseFirestore in Frameworks */ = {isa = PBXBuildFile; productRef = 969470302B597728005A5044 /* FirebaseFirestore */; };
		969470332B597728005A5044 /* FirebaseFirestoreCombine-Community in Frameworks */ = {isa = PBXBuildFile; productRef = 969470322B597728005A5044 /* FirebaseFirestoreCombine-Community */; };
		969470352B597728005A5044 /* FirebaseFirestoreSwift in Frameworks */ = {isa = PBXBuildFile; productRef = 969470342B597728005A5044 /* FirebaseFirestoreSwift */; };
		969470372B597728005A5044 /* FirebaseStorage in Frameworks */ = {isa = PBXBuildFile; productRef = 969470362B597728005A5044 /* FirebaseStorage */; };
		969470392B597728005A5044 /* FirebaseStorageCombine-Community in Frameworks */ = {isa = PBXBuildFile; productRef = 969470382B597728005A5044 /* FirebaseStorageCombine-Community */; };
		9694703C2B59790D005A5044 /* OnboardingViewController.swift in Sources */ = {isa = PBXBuildFile; fileRef = 9694703B2B59790D005A5044 /* OnboardingViewController.swift */; };
		9698C2222B52849A00B9A64D /* ProfileViewController.swift in Sources */ = {isa = PBXBuildFile; fileRef = 9698C2212B52849A00B9A64D /* ProfileViewController.swift */; };
		9698C2242B528FDB00B9A64D /* ProfileTableViewHeader.swift in Sources */ = {isa = PBXBuildFile; fileRef = 9698C2232B528FDB00B9A64D /* ProfileTableViewHeader.swift */; };
/* End PBXBuildFile section */

/* Begin PBXContainerItemProxy section */
		9680E0772B4A40D50066F767 /* PBXContainerItemProxy */ = {
			isa = PBXContainerItemProxy;
			containerPortal = 9680E0582B4A40D40066F767 /* Project object */;
			proxyType = 1;
			remoteGlobalIDString = 9680E05F2B4A40D40066F767;
			remoteInfo = SocialNetwork;
		};
		9680E0812B4A40D50066F767 /* PBXContainerItemProxy */ = {
			isa = PBXContainerItemProxy;
			containerPortal = 9680E0582B4A40D40066F767 /* Project object */;
			proxyType = 1;
			remoteGlobalIDString = 9680E05F2B4A40D40066F767;
			remoteInfo = SocialNetwork;
		};
/* End PBXContainerItemProxy section */

/* Begin PBXFileReference section */
		9680E0602B4A40D40066F767 /* SocialNetwork.app */ = {isa = PBXFileReference; explicitFileType = wrapper.application; includeInIndex = 0; path = SocialNetwork.app; sourceTree = BUILT_PRODUCTS_DIR; };
		9680E0632B4A40D40066F767 /* AppDelegate.swift */ = {isa = PBXFileReference; lastKnownFileType = sourcecode.swift; path = AppDelegate.swift; sourceTree = "<group>"; };
		9680E0652B4A40D40066F767 /* SceneDelegate.swift */ = {isa = PBXFileReference; lastKnownFileType = sourcecode.swift; path = SceneDelegate.swift; sourceTree = "<group>"; };
		9680E0672B4A40D40066F767 /* MainTabbarViewController.swift */ = {isa = PBXFileReference; lastKnownFileType = sourcecode.swift; path = MainTabbarViewController.swift; sourceTree = "<group>"; };
		9680E06C2B4A40D50066F767 /* Assets.xcassets */ = {isa = PBXFileReference; lastKnownFileType = folder.assetcatalog; path = Assets.xcassets; sourceTree = "<group>"; };
		9680E06F2B4A40D50066F767 /* Base */ = {isa = PBXFileReference; lastKnownFileType = file.storyboard; name = Base; path = Base.lproj/LaunchScreen.storyboard; sourceTree = "<group>"; };
		9680E0712B4A40D50066F767 /* Info.plist */ = {isa = PBXFileReference; lastKnownFileType = text.plist.xml; path = Info.plist; sourceTree = "<group>"; };
		9680E0762B4A40D50066F767 /* SocialNetworkTests.xctest */ = {isa = PBXFileReference; explicitFileType = wrapper.cfbundle; includeInIndex = 0; path = SocialNetworkTests.xctest; sourceTree = BUILT_PRODUCTS_DIR; };
		9680E07A2B4A40D50066F767 /* SocialNetworkTests.swift */ = {isa = PBXFileReference; lastKnownFileType = sourcecode.swift; path = SocialNetworkTests.swift; sourceTree = "<group>"; };
		9680E0802B4A40D50066F767 /* SocialNetworkUITests.xctest */ = {isa = PBXFileReference; explicitFileType = wrapper.cfbundle; includeInIndex = 0; path = SocialNetworkUITests.xctest; sourceTree = BUILT_PRODUCTS_DIR; };
		9680E0842B4A40D50066F767 /* SocialNetworkUITests.swift */ = {isa = PBXFileReference; lastKnownFileType = sourcecode.swift; path = SocialNetworkUITests.swift; sourceTree = "<group>"; };
		9680E0862B4A40D50066F767 /* SocialNetworkUITestsLaunchTests.swift */ = {isa = PBXFileReference; lastKnownFileType = sourcecode.swift; path = SocialNetworkUITestsLaunchTests.swift; sourceTree = "<group>"; };
		9680E0952B4A44460066F767 /* HomeViewController.swift */ = {isa = PBXFileReference; lastKnownFileType = sourcecode.swift; path = HomeViewController.swift; sourceTree = "<group>"; };
		9680E0972B4A44730066F767 /* SearchViewController.swift */ = {isa = PBXFileReference; lastKnownFileType = sourcecode.swift; path = SearchViewController.swift; sourceTree = "<group>"; };
		9680E0992B4A44990066F767 /* DirectMessagesViewController.swift */ = {isa = PBXFileReference; lastKnownFileType = sourcecode.swift; path = DirectMessagesViewController.swift; sourceTree = "<group>"; };
		9680E09B2B4A46390066F767 /* NotificationsViewController.swift */ = {isa = PBXFileReference; lastKnownFileType = sourcecode.swift; path = NotificationsViewController.swift; sourceTree = "<group>"; };
		9680E09E2B4A5C730066F767 /* TweetTableViewCell.swift */ = {isa = PBXFileReference; lastKnownFileType = sourcecode.swift; path = TweetTableViewCell.swift; sourceTree = "<group>"; };
		9687530F2B5BBDC7005C1124 /* RegisterViewController.swift */ = {isa = PBXFileReference; lastKnownFileType = sourcecode.swift; path = RegisterViewController.swift; sourceTree = "<group>"; };
		968753122B5BD12E005C1124 /* RegisterViewViewModel.swift */ = {isa = PBXFileReference; lastKnownFileType = sourcecode.swift; path = RegisterViewViewModel.swift; sourceTree = "<group>"; };
		968753152B5C1AB4005C1124 /* AuthManager.swift */ = {isa = PBXFileReference; lastKnownFileType = sourcecode.swift; path = AuthManager.swift; sourceTree = "<group>"; };
		969470252B5973F0005A5044 /* GoogleService-Info.plist */ = {isa = PBXFileReference; fileEncoding = 4; lastKnownFileType = text.plist.xml; path = "GoogleService-Info.plist"; sourceTree = "<group>"; };
		9694703B2B59790D005A5044 /* OnboardingViewController.swift */ = {isa = PBXFileReference; lastKnownFileType = sourcecode.swift; path = OnboardingViewController.swift; sourceTree = "<group>"; };
		9698C2212B52849A00B9A64D /* ProfileViewController.swift */ = {isa = PBXFileReference; lastKnownFileType = sourcecode.swift; path = ProfileViewController.swift; sourceTree = "<group>"; };
		9698C2232B528FDB00B9A64D /* ProfileTableViewHeader.swift */ = {isa = PBXFileReference; lastKnownFileType = sourcecode.swift; path = ProfileTableViewHeader.swift; sourceTree = "<group>"; };
/* End PBXFileReference section */

/* Begin PBXFrameworksBuildPhase section */
		9680E05D2B4A40D40066F767 /* Frameworks */ = {
			isa = PBXFrameworksBuildPhase;
			buildActionMask = 2147483647;
			files = (
				9694702F2B597728005A5044 /* FirebaseDatabaseSwift in Frameworks */,
				9694702D2B597728005A5044 /* FirebaseDatabase in Frameworks */,
				969470292B597728005A5044 /* FirebaseAuth in Frameworks */,
				969470352B597728005A5044 /* FirebaseFirestoreSwift in Frameworks */,
				969470332B597728005A5044 /* FirebaseFirestoreCombine-Community in Frameworks */,
				969470372B597728005A5044 /* FirebaseStorage in Frameworks */,
				969470312B597728005A5044 /* FirebaseFirestore in Frameworks */,
				969470392B597728005A5044 /* FirebaseStorageCombine-Community in Frameworks */,
				9694702B2B597728005A5044 /* FirebaseAuthCombine-Community in Frameworks */,
			);
			runOnlyForDeploymentPostprocessing = 0;
		};
		9680E0732B4A40D50066F767 /* Frameworks */ = {
			isa = PBXFrameworksBuildPhase;
			buildActionMask = 2147483647;
			files = (
			);
			runOnlyForDeploymentPostprocessing = 0;
		};
		9680E07D2B4A40D50066F767 /* Frameworks */ = {
			isa = PBXFrameworksBuildPhase;
			buildActionMask = 2147483647;
			files = (
			);
			runOnlyForDeploymentPostprocessing = 0;
		};
/* End PBXFrameworksBuildPhase section */

/* Begin PBXGroup section */
		9680E0572B4A40D40066F767 = {
			isa = PBXGroup;
			children = (
				9680E0622B4A40D40066F767 /* SocialNetwork */,
				9680E0792B4A40D50066F767 /* SocialNetworkTests */,
				9680E0832B4A40D50066F767 /* SocialNetworkUITests */,
				9680E0612B4A40D40066F767 /* Products */,
			);
			sourceTree = "<group>";
		};
		9680E0612B4A40D40066F767 /* Products */ = {
			isa = PBXGroup;
			children = (
				9680E0602B4A40D40066F767 /* SocialNetwork.app */,
				9680E0762B4A40D50066F767 /* SocialNetworkTests.xctest */,
				9680E0802B4A40D50066F767 /* SocialNetworkUITests.xctest */,
			);
			name = Products;
			sourceTree = "<group>";
		};
		9680E0622B4A40D40066F767 /* SocialNetwork */ = {
			isa = PBXGroup;
			children = (
				968753142B5C1A8E005C1124 /* Networking */,
				968753112B5BCF5F005C1124 /* ViewModels */,
				9680E09D2B4A5C480066F767 /* Views */,
				9680E0932B4A437C0066F767 /* Controllers */,
				9680E0632B4A40D40066F767 /* AppDelegate.swift */,
				9680E0652B4A40D40066F767 /* SceneDelegate.swift */,
				9680E06C2B4A40D50066F767 /* Assets.xcassets */,
				9680E06E2B4A40D50066F767 /* LaunchScreen.storyboard */,
				9680E0712B4A40D50066F767 /* Info.plist */,
				969470252B5973F0005A5044 /* GoogleService-Info.plist */,
			);
			path = SocialNetwork;
			sourceTree = "<group>";
		};
		9680E0792B4A40D50066F767 /* SocialNetworkTests */ = {
			isa = PBXGroup;
			children = (
				9680E07A2B4A40D50066F767 /* SocialNetworkTests.swift */,
			);
			path = SocialNetworkTests;
			sourceTree = "<group>";
		};
		9680E0832B4A40D50066F767 /* SocialNetworkUITests */ = {
			isa = PBXGroup;
			children = (
				9680E0842B4A40D50066F767 /* SocialNetworkUITests.swift */,
				9680E0862B4A40D50066F767 /* SocialNetworkUITestsLaunchTests.swift */,
			);
			path = SocialNetworkUITests;
			sourceTree = "<group>";
		};
		9680E0932B4A437C0066F767 /* Controllers */ = {
			isa = PBXGroup;
			children = (
				9694703A2B5978A9005A5044 /* Onboarding */,
				9698C2202B52846400B9A64D /* General */,
				9680E0942B4A43A80066F767 /* Core */,
			);
			path = Controllers;
			sourceTree = "<group>";
		};
		9680E0942B4A43A80066F767 /* Core */ = {
			isa = PBXGroup;
			children = (
				9680E0672B4A40D40066F767 /* MainTabbarViewController.swift */,
				9680E0952B4A44460066F767 /* HomeViewController.swift */,
				9680E0972B4A44730066F767 /* SearchViewController.swift */,
				9680E0992B4A44990066F767 /* DirectMessagesViewController.swift */,
				9680E09B2B4A46390066F767 /* NotificationsViewController.swift */,
			);
			path = Core;
			sourceTree = "<group>";
		};
		9680E09D2B4A5C480066F767 /* Views */ = {
			isa = PBXGroup;
			children = (
				9680E09E2B4A5C730066F767 /* TweetTableViewCell.swift */,
				9698C2232B528FDB00B9A64D /* ProfileTableViewHeader.swift */,
			);
			path = Views;
			sourceTree = "<group>";
		};
		968753112B5BCF5F005C1124 /* ViewModels */ = {
			isa = PBXGroup;
			children = (
				968753122B5BD12E005C1124 /* RegisterViewViewModel.swift */,
			);
			path = ViewModels;
			sourceTree = "<group>";
		};
		968753142B5C1A8E005C1124 /* Networking */ = {
			isa = PBXGroup;
			children = (
				968753152B5C1AB4005C1124 /* AuthManager.swift */,
			);
			path = Networking;
			sourceTree = "<group>";
		};
		9694703A2B5978A9005A5044 /* Onboarding */ = {
			isa = PBXGroup;
			children = (
				9694703B2B59790D005A5044 /* OnboardingViewController.swift */,
				9687530F2B5BBDC7005C1124 /* RegisterViewController.swift */,
			);
			path = Onboarding;
			sourceTree = "<group>";
		};
		9698C2202B52846400B9A64D /* General */ = {
			isa = PBXGroup;
			children = (
				9698C2212B52849A00B9A64D /* ProfileViewController.swift */,
			);
			path = General;
			sourceTree = "<group>";
		};
/* End PBXGroup section */

/* Begin PBXNativeTarget section */
		9680E05F2B4A40D40066F767 /* SocialNetwork */ = {
			isa = PBXNativeTarget;
			buildConfigurationList = 9680E08A2B4A40D50066F767 /* Build configuration list for PBXNativeTarget "SocialNetwork" */;
			buildPhases = (
				9680E05C2B4A40D40066F767 /* Sources */,
				9680E05D2B4A40D40066F767 /* Frameworks */,
				9680E05E2B4A40D40066F767 /* Resources */,
			);
			buildRules = (
			);
			dependencies = (
			);
			name = SocialNetwork;
			packageProductDependencies = (
				969470282B597728005A5044 /* FirebaseAuth */,
				9694702A2B597728005A5044 /* FirebaseAuthCombine-Community */,
				9694702C2B597728005A5044 /* FirebaseDatabase */,
				9694702E2B597728005A5044 /* FirebaseDatabaseSwift */,
				969470302B597728005A5044 /* FirebaseFirestore */,
				969470322B597728005A5044 /* FirebaseFirestoreCombine-Community */,
				969470342B597728005A5044 /* FirebaseFirestoreSwift */,
				969470362B597728005A5044 /* FirebaseStorage */,
				969470382B597728005A5044 /* FirebaseStorageCombine-Community */,
			);
			productName = SocialNetwork;
			productReference = 9680E0602B4A40D40066F767 /* SocialNetwork.app */;
			productType = "com.apple.product-type.application";
		};
		9680E0752B4A40D50066F767 /* SocialNetworkTests */ = {
			isa = PBXNativeTarget;
			buildConfigurationList = 9680E08D2B4A40D50066F767 /* Build configuration list for PBXNativeTarget "SocialNetworkTests" */;
			buildPhases = (
				9680E0722B4A40D50066F767 /* Sources */,
				9680E0732B4A40D50066F767 /* Frameworks */,
				9680E0742B4A40D50066F767 /* Resources */,
			);
			buildRules = (
			);
			dependencies = (
				9680E0782B4A40D50066F767 /* PBXTargetDependency */,
			);
			name = SocialNetworkTests;
			productName = SocialNetworkTests;
			productReference = 9680E0762B4A40D50066F767 /* SocialNetworkTests.xctest */;
			productType = "com.apple.product-type.bundle.unit-test";
		};
		9680E07F2B4A40D50066F767 /* SocialNetworkUITests */ = {
			isa = PBXNativeTarget;
			buildConfigurationList = 9680E0902B4A40D50066F767 /* Build configuration list for PBXNativeTarget "SocialNetworkUITests" */;
			buildPhases = (
				9680E07C2B4A40D50066F767 /* Sources */,
				9680E07D2B4A40D50066F767 /* Frameworks */,
				9680E07E2B4A40D50066F767 /* Resources */,
			);
			buildRules = (
			);
			dependencies = (
				9680E0822B4A40D50066F767 /* PBXTargetDependency */,
			);
			name = SocialNetworkUITests;
			productName = SocialNetworkUITests;
			productReference = 9680E0802B4A40D50066F767 /* SocialNetworkUITests.xctest */;
			productType = "com.apple.product-type.bundle.ui-testing";
		};
/* End PBXNativeTarget section */

/* Begin PBXProject section */
		9680E0582B4A40D40066F767 /* Project object */ = {
			isa = PBXProject;
			attributes = {
				BuildIndependentTargetsInParallel = 1;
				LastSwiftUpdateCheck = 1430;
				LastUpgradeCheck = 1430;
				TargetAttributes = {
					9680E05F2B4A40D40066F767 = {
						CreatedOnToolsVersion = 14.3.1;
					};
					9680E0752B4A40D50066F767 = {
						CreatedOnToolsVersion = 14.3.1;
						TestTargetID = 9680E05F2B4A40D40066F767;
					};
					9680E07F2B4A40D50066F767 = {
						CreatedOnToolsVersion = 14.3.1;
						TestTargetID = 9680E05F2B4A40D40066F767;
					};
				};
			};
			buildConfigurationList = 9680E05B2B4A40D40066F767 /* Build configuration list for PBXProject "SocialNetwork" */;
			compatibilityVersion = "Xcode 14.0";
			developmentRegion = en;
			hasScannedForEncodings = 0;
			knownRegions = (
				en,
				Base,
			);
			mainGroup = 9680E0572B4A40D40066F767;
			packageReferences = (
				969470272B597728005A5044 /* XCRemoteSwiftPackageReference "firebase-ios-sdk" */,
			);
			productRefGroup = 9680E0612B4A40D40066F767 /* Products */;
			projectDirPath = "";
			projectRoot = "";
			targets = (
				9680E05F2B4A40D40066F767 /* SocialNetwork */,
				9680E0752B4A40D50066F767 /* SocialNetworkTests */,
				9680E07F2B4A40D50066F767 /* SocialNetworkUITests */,
			);
		};
/* End PBXProject section */

/* Begin PBXResourcesBuildPhase section */
		9680E05E2B4A40D40066F767 /* Resources */ = {
			isa = PBXResourcesBuildPhase;
			buildActionMask = 2147483647;
			files = (
				9680E0702B4A40D50066F767 /* LaunchScreen.storyboard in Resources */,
				969470262B5973F0005A5044 /* GoogleService-Info.plist in Resources */,
				9680E06D2B4A40D50066F767 /* Assets.xcassets in Resources */,
			);
			runOnlyForDeploymentPostprocessing = 0;
		};
		9680E0742B4A40D50066F767 /* Resources */ = {
			isa = PBXResourcesBuildPhase;
			buildActionMask = 2147483647;
			files = (
			);
			runOnlyForDeploymentPostprocessing = 0;
		};
		9680E07E2B4A40D50066F767 /* Resources */ = {
			isa = PBXResourcesBuildPhase;
			buildActionMask = 2147483647;
			files = (
			);
			runOnlyForDeploymentPostprocessing = 0;
		};
/* End PBXResourcesBuildPhase section */

/* Begin PBXSourcesBuildPhase section */
		9680E05C2B4A40D40066F767 /* Sources */ = {
			isa = PBXSourcesBuildPhase;
			buildActionMask = 2147483647;
			files = (
				9680E0982B4A44730066F767 /* SearchViewController.swift in Sources */,
				968753162B5C1AB4005C1124 /* AuthManager.swift in Sources */,
				9680E0682B4A40D40066F767 /* MainTabbarViewController.swift in Sources */,
				9680E0642B4A40D40066F767 /* AppDelegate.swift in Sources */,
				968753102B5BBDC7005C1124 /* RegisterViewController.swift in Sources */,
				9680E0662B4A40D40066F767 /* SceneDelegate.swift in Sources */,
				9680E0962B4A44460066F767 /* HomeViewController.swift in Sources */,
				9680E09C2B4A46390066F767 /* NotificationsViewController.swift in Sources */,
				968753132B5BD12E005C1124 /* RegisterViewViewModel.swift in Sources */,
				9698C2222B52849A00B9A64D /* ProfileViewController.swift in Sources */,
				9680E09A2B4A44990066F767 /* DirectMessagesViewController.swift in Sources */,
				9698C2242B528FDB00B9A64D /* ProfileTableViewHeader.swift in Sources */,
				9694703C2B59790D005A5044 /* OnboardingViewController.swift in Sources */,
				9680E09F2B4A5C730066F767 /* TweetTableViewCell.swift in Sources */,
			);
			runOnlyForDeploymentPostprocessing = 0;
		};
		9680E0722B4A40D50066F767 /* Sources */ = {
			isa = PBXSourcesBuildPhase;
			buildActionMask = 2147483647;
			files = (
				9680E07B2B4A40D50066F767 /* SocialNetworkTests.swift in Sources */,
			);
			runOnlyForDeploymentPostprocessing = 0;
		};
		9680E07C2B4A40D50066F767 /* Sources */ = {
			isa = PBXSourcesBuildPhase;
			buildActionMask = 2147483647;
			files = (
				9680E0872B4A40D50066F767 /* SocialNetworkUITestsLaunchTests.swift in Sources */,
				9680E0852B4A40D50066F767 /* SocialNetworkUITests.swift in Sources */,
			);
			runOnlyForDeploymentPostprocessing = 0;
		};
/* End PBXSourcesBuildPhase section */

/* Begin PBXTargetDependency section */
		9680E0782B4A40D50066F767 /* PBXTargetDependency */ = {
			isa = PBXTargetDependency;
			target = 9680E05F2B4A40D40066F767 /* SocialNetwork */;
			targetProxy = 9680E0772B4A40D50066F767 /* PBXContainerItemProxy */;
		};
		9680E0822B4A40D50066F767 /* PBXTargetDependency */ = {
			isa = PBXTargetDependency;
			target = 9680E05F2B4A40D40066F767 /* SocialNetwork */;
			targetProxy = 9680E0812B4A40D50066F767 /* PBXContainerItemProxy */;
		};
/* End PBXTargetDependency section */

/* Begin PBXVariantGroup section */
		9680E06E2B4A40D50066F767 /* LaunchScreen.storyboard */ = {
			isa = PBXVariantGroup;
			children = (
				9680E06F2B4A40D50066F767 /* Base */,
			);
			name = LaunchScreen.storyboard;
			sourceTree = "<group>";
		};
/* End PBXVariantGroup section */

/* Begin XCBuildConfiguration section */
		9680E0882B4A40D50066F767 /* Debug */ = {
			isa = XCBuildConfiguration;
			buildSettings = {
				ALWAYS_SEARCH_USER_PATHS = NO;
				CLANG_ANALYZER_NONNULL = YES;
				CLANG_ANALYZER_NUMBER_OBJECT_CONVERSION = YES_AGGRESSIVE;
				CLANG_CXX_LANGUAGE_STANDARD = "gnu++20";
				CLANG_ENABLE_MODULES = YES;
				CLANG_ENABLE_OBJC_ARC = YES;
				CLANG_ENABLE_OBJC_WEAK = YES;
				CLANG_WARN_BLOCK_CAPTURE_AUTORELEASING = YES;
				CLANG_WARN_BOOL_CONVERSION = YES;
				CLANG_WARN_COMMA = YES;
				CLANG_WARN_CONSTANT_CONVERSION = YES;
				CLANG_WARN_DEPRECATED_OBJC_IMPLEMENTATIONS = YES;
				CLANG_WARN_DIRECT_OBJC_ISA_USAGE = YES_ERROR;
				CLANG_WARN_DOCUMENTATION_COMMENTS = YES;
				CLANG_WARN_EMPTY_BODY = YES;
				CLANG_WARN_ENUM_CONVERSION = YES;
				CLANG_WARN_INFINITE_RECURSION = YES;
				CLANG_WARN_INT_CONVERSION = YES;
				CLANG_WARN_NON_LITERAL_NULL_CONVERSION = YES;
				CLANG_WARN_OBJC_IMPLICIT_RETAIN_SELF = YES;
				CLANG_WARN_OBJC_LITERAL_CONVERSION = YES;
				CLANG_WARN_OBJC_ROOT_CLASS = YES_ERROR;
				CLANG_WARN_QUOTED_INCLUDE_IN_FRAMEWORK_HEADER = YES;
				CLANG_WARN_RANGE_LOOP_ANALYSIS = YES;
				CLANG_WARN_STRICT_PROTOTYPES = YES;
				CLANG_WARN_SUSPICIOUS_MOVE = YES;
				CLANG_WARN_UNGUARDED_AVAILABILITY = YES_AGGRESSIVE;
				CLANG_WARN_UNREACHABLE_CODE = YES;
				CLANG_WARN__DUPLICATE_METHOD_MATCH = YES;
				COPY_PHASE_STRIP = NO;
				DEBUG_INFORMATION_FORMAT = dwarf;
				ENABLE_STRICT_OBJC_MSGSEND = YES;
				ENABLE_TESTABILITY = YES;
				GCC_C_LANGUAGE_STANDARD = gnu11;
				GCC_DYNAMIC_NO_PIC = NO;
				GCC_NO_COMMON_BLOCKS = YES;
				GCC_OPTIMIZATION_LEVEL = 0;
				GCC_PREPROCESSOR_DEFINITIONS = (
					"DEBUG=1",
					"$(inherited)",
				);
				GCC_WARN_64_TO_32_BIT_CONVERSION = YES;
				GCC_WARN_ABOUT_RETURN_TYPE = YES_ERROR;
				GCC_WARN_UNDECLARED_SELECTOR = YES;
				GCC_WARN_UNINITIALIZED_AUTOS = YES_AGGRESSIVE;
				GCC_WARN_UNUSED_FUNCTION = YES;
				GCC_WARN_UNUSED_VARIABLE = YES;
				IPHONEOS_DEPLOYMENT_TARGET = 16.4;
				MTL_ENABLE_DEBUG_INFO = INCLUDE_SOURCE;
				MTL_FAST_MATH = YES;
				ONLY_ACTIVE_ARCH = YES;
				SDKROOT = iphoneos;
				SWIFT_ACTIVE_COMPILATION_CONDITIONS = DEBUG;
				SWIFT_OPTIMIZATION_LEVEL = "-Onone";
			};
			name = Debug;
		};
		9680E0892B4A40D50066F767 /* Release */ = {
			isa = XCBuildConfiguration;
			buildSettings = {
				ALWAYS_SEARCH_USER_PATHS = NO;
				CLANG_ANALYZER_NONNULL = YES;
				CLANG_ANALYZER_NUMBER_OBJECT_CONVERSION = YES_AGGRESSIVE;
				CLANG_CXX_LANGUAGE_STANDARD = "gnu++20";
				CLANG_ENABLE_MODULES = YES;
				CLANG_ENABLE_OBJC_ARC = YES;
				CLANG_ENABLE_OBJC_WEAK = YES;
				CLANG_WARN_BLOCK_CAPTURE_AUTORELEASING = YES;
				CLANG_WARN_BOOL_CONVERSION = YES;
				CLANG_WARN_COMMA = YES;
				CLANG_WARN_CONSTANT_CONVERSION = YES;
				CLANG_WARN_DEPRECATED_OBJC_IMPLEMENTATIONS = YES;
				CLANG_WARN_DIRECT_OBJC_ISA_USAGE = YES_ERROR;
				CLANG_WARN_DOCUMENTATION_COMMENTS = YES;
				CLANG_WARN_EMPTY_BODY = YES;
				CLANG_WARN_ENUM_CONVERSION = YES;
				CLANG_WARN_INFINITE_RECURSION = YES;
				CLANG_WARN_INT_CONVERSION = YES;
				CLANG_WARN_NON_LITERAL_NULL_CONVERSION = YES;
				CLANG_WARN_OBJC_IMPLICIT_RETAIN_SELF = YES;
				CLANG_WARN_OBJC_LITERAL_CONVERSION = YES;
				CLANG_WARN_OBJC_ROOT_CLASS = YES_ERROR;
				CLANG_WARN_QUOTED_INCLUDE_IN_FRAMEWORK_HEADER = YES;
				CLANG_WARN_RANGE_LOOP_ANALYSIS = YES;
				CLANG_WARN_STRICT_PROTOTYPES = YES;
				CLANG_WARN_SUSPICIOUS_MOVE = YES;
				CLANG_WARN_UNGUARDED_AVAILABILITY = YES_AGGRESSIVE;
				CLANG_WARN_UNREACHABLE_CODE = YES;
				CLANG_WARN__DUPLICATE_METHOD_MATCH = YES;
				COPY_PHASE_STRIP = NO;
				DEBUG_INFORMATION_FORMAT = "dwarf-with-dsym";
				ENABLE_NS_ASSERTIONS = NO;
				ENABLE_STRICT_OBJC_MSGSEND = YES;
				GCC_C_LANGUAGE_STANDARD = gnu11;
				GCC_NO_COMMON_BLOCKS = YES;
				GCC_WARN_64_TO_32_BIT_CONVERSION = YES;
				GCC_WARN_ABOUT_RETURN_TYPE = YES_ERROR;
				GCC_WARN_UNDECLARED_SELECTOR = YES;
				GCC_WARN_UNINITIALIZED_AUTOS = YES_AGGRESSIVE;
				GCC_WARN_UNUSED_FUNCTION = YES;
				GCC_WARN_UNUSED_VARIABLE = YES;
				IPHONEOS_DEPLOYMENT_TARGET = 16.4;
				MTL_ENABLE_DEBUG_INFO = NO;
				MTL_FAST_MATH = YES;
				SDKROOT = iphoneos;
				SWIFT_COMPILATION_MODE = wholemodule;
				SWIFT_OPTIMIZATION_LEVEL = "-O";
				VALIDATE_PRODUCT = YES;
			};
			name = Release;
		};
		9680E08B2B4A40D50066F767 /* Debug */ = {
			isa = XCBuildConfiguration;
			buildSettings = {
				ASSETCATALOG_COMPILER_APPICON_NAME = AppIcon;
				ASSETCATALOG_COMPILER_GLOBAL_ACCENT_COLOR_NAME = AccentColor;
				CODE_SIGN_STYLE = Automatic;
				CURRENT_PROJECT_VERSION = 1;
				DEVELOPMENT_TEAM = 4WNS3YRYTX;
				GENERATE_INFOPLIST_FILE = YES;
				INFOPLIST_FILE = SocialNetwork/Info.plist;
				INFOPLIST_KEY_UIApplicationSupportsIndirectInputEvents = YES;
				INFOPLIST_KEY_UILaunchStoryboardName = LaunchScreen;
				INFOPLIST_KEY_UISupportedInterfaceOrientations_iPad = "UIInterfaceOrientationPortrait UIInterfaceOrientationPortraitUpsideDown UIInterfaceOrientationLandscapeLeft UIInterfaceOrientationLandscapeRight";
				INFOPLIST_KEY_UISupportedInterfaceOrientations_iPhone = "UIInterfaceOrientationPortrait UIInterfaceOrientationLandscapeLeft UIInterfaceOrientationLandscapeRight";
				IPHONEOS_DEPLOYMENT_TARGET = 16.4;
				LD_RUNPATH_SEARCH_PATHS = (
					"$(inherited)",
					"@executable_path/Frameworks",
				);
				MARKETING_VERSION = 1.0;
				PRODUCT_BUNDLE_IDENTIFIER = com.hoanvuios.SocialNetwork;
				PRODUCT_NAME = "$(TARGET_NAME)";
				SWIFT_EMIT_LOC_STRINGS = YES;
				SWIFT_VERSION = 5.0;
				TARGETED_DEVICE_FAMILY = "1,2";
			};
			name = Debug;
		};
		9680E08C2B4A40D50066F767 /* Release */ = {
			isa = XCBuildConfiguration;
			buildSettings = {
				ASSETCATALOG_COMPILER_APPICON_NAME = AppIcon;
				ASSETCATALOG_COMPILER_GLOBAL_ACCENT_COLOR_NAME = AccentColor;
				CODE_SIGN_STYLE = Automatic;
				CURRENT_PROJECT_VERSION = 1;
				DEVELOPMENT_TEAM = 4WNS3YRYTX;
				GENERATE_INFOPLIST_FILE = YES;
				INFOPLIST_FILE = SocialNetwork/Info.plist;
				INFOPLIST_KEY_UIApplicationSupportsIndirectInputEvents = YES;
				INFOPLIST_KEY_UILaunchStoryboardName = LaunchScreen;
				INFOPLIST_KEY_UISupportedInterfaceOrientations_iPad = "UIInterfaceOrientationPortrait UIInterfaceOrientationPortraitUpsideDown UIInterfaceOrientationLandscapeLeft UIInterfaceOrientationLandscapeRight";
				INFOPLIST_KEY_UISupportedInterfaceOrientations_iPhone = "UIInterfaceOrientationPortrait UIInterfaceOrientationLandscapeLeft UIInterfaceOrientationLandscapeRight";
				IPHONEOS_DEPLOYMENT_TARGET = 16.4;
				LD_RUNPATH_SEARCH_PATHS = (
					"$(inherited)",
					"@executable_path/Frameworks",
				);
				MARKETING_VERSION = 1.0;
				PRODUCT_BUNDLE_IDENTIFIER = com.hoanvuios.SocialNetwork;
				PRODUCT_NAME = "$(TARGET_NAME)";
				SWIFT_EMIT_LOC_STRINGS = YES;
				SWIFT_VERSION = 5.0;
				TARGETED_DEVICE_FAMILY = "1,2";
			};
			name = Release;
		};
		9680E08E2B4A40D50066F767 /* Debug */ = {
			isa = XCBuildConfiguration;
			buildSettings = {
				ALWAYS_EMBED_SWIFT_STANDARD_LIBRARIES = YES;
				BUNDLE_LOADER = "$(TEST_HOST)";
				CODE_SIGN_STYLE = Automatic;
				CURRENT_PROJECT_VERSION = 1;
				DEVELOPMENT_TEAM = 4WNS3YRYTX;
				GENERATE_INFOPLIST_FILE = YES;
				IPHONEOS_DEPLOYMENT_TARGET = 16.4;
				MARKETING_VERSION = 1.0;
				PRODUCT_BUNDLE_IDENTIFIER = com.hoanvuios.SocialNetworkTests;
				PRODUCT_NAME = "$(TARGET_NAME)";
				SWIFT_EMIT_LOC_STRINGS = NO;
				SWIFT_VERSION = 5.0;
				TARGETED_DEVICE_FAMILY = "1,2";
				TEST_HOST = "$(BUILT_PRODUCTS_DIR)/SocialNetwork.app/$(BUNDLE_EXECUTABLE_FOLDER_PATH)/SocialNetwork";
			};
			name = Debug;
		};
		9680E08F2B4A40D50066F767 /* Release */ = {
			isa = XCBuildConfiguration;
			buildSettings = {
				ALWAYS_EMBED_SWIFT_STANDARD_LIBRARIES = YES;
				BUNDLE_LOADER = "$(TEST_HOST)";
				CODE_SIGN_STYLE = Automatic;
				CURRENT_PROJECT_VERSION = 1;
				DEVELOPMENT_TEAM = 4WNS3YRYTX;
				GENERATE_INFOPLIST_FILE = YES;
				IPHONEOS_DEPLOYMENT_TARGET = 16.4;
				MARKETING_VERSION = 1.0;
				PRODUCT_BUNDLE_IDENTIFIER = com.hoanvuios.SocialNetworkTests;
				PRODUCT_NAME = "$(TARGET_NAME)";
				SWIFT_EMIT_LOC_STRINGS = NO;
				SWIFT_VERSION = 5.0;
				TARGETED_DEVICE_FAMILY = "1,2";
				TEST_HOST = "$(BUILT_PRODUCTS_DIR)/SocialNetwork.app/$(BUNDLE_EXECUTABLE_FOLDER_PATH)/SocialNetwork";
			};
			name = Release;
		};
		9680E0912B4A40D50066F767 /* Debug */ = {
			isa = XCBuildConfiguration;
			buildSettings = {
				ALWAYS_EMBED_SWIFT_STANDARD_LIBRARIES = YES;
				CODE_SIGN_STYLE = Automatic;
				CURRENT_PROJECT_VERSION = 1;
				DEVELOPMENT_TEAM = 4WNS3YRYTX;
				GENERATE_INFOPLIST_FILE = YES;
				MARKETING_VERSION = 1.0;
				PRODUCT_BUNDLE_IDENTIFIER = com.hoanvuios.SocialNetworkUITests;
				PRODUCT_NAME = "$(TARGET_NAME)";
				SWIFT_EMIT_LOC_STRINGS = NO;
				SWIFT_VERSION = 5.0;
				TARGETED_DEVICE_FAMILY = "1,2";
				TEST_TARGET_NAME = SocialNetwork;
			};
			name = Debug;
		};
		9680E0922B4A40D50066F767 /* Release */ = {
			isa = XCBuildConfiguration;
			buildSettings = {
				ALWAYS_EMBED_SWIFT_STANDARD_LIBRARIES = YES;
				CODE_SIGN_STYLE = Automatic;
				CURRENT_PROJECT_VERSION = 1;
				DEVELOPMENT_TEAM = 4WNS3YRYTX;
				GENERATE_INFOPLIST_FILE = YES;
				MARKETING_VERSION = 1.0;
				PRODUCT_BUNDLE_IDENTIFIER = com.hoanvuios.SocialNetworkUITests;
				PRODUCT_NAME = "$(TARGET_NAME)";
				SWIFT_EMIT_LOC_STRINGS = NO;
				SWIFT_VERSION = 5.0;
				TARGETED_DEVICE_FAMILY = "1,2";
				TEST_TARGET_NAME = SocialNetwork;
			};
			name = Release;
		};
/* End XCBuildConfiguration section */

/* Begin XCConfigurationList section */
		9680E05B2B4A40D40066F767 /* Build configuration list for PBXProject "SocialNetwork" */ = {
			isa = XCConfigurationList;
			buildConfigurations = (
				9680E0882B4A40D50066F767 /* Debug */,
				9680E0892B4A40D50066F767 /* Release */,
			);
			defaultConfigurationIsVisible = 0;
			defaultConfigurationName = Release;
		};
		9680E08A2B4A40D50066F767 /* Build configuration list for PBXNativeTarget "SocialNetwork" */ = {
			isa = XCConfigurationList;
			buildConfigurations = (
				9680E08B2B4A40D50066F767 /* Debug */,
				9680E08C2B4A40D50066F767 /* Release */,
			);
			defaultConfigurationIsVisible = 0;
			defaultConfigurationName = Release;
		};
		9680E08D2B4A40D50066F767 /* Build configuration list for PBXNativeTarget "SocialNetworkTests" */ = {
			isa = XCConfigurationList;
			buildConfigurations = (
				9680E08E2B4A40D50066F767 /* Debug */,
				9680E08F2B4A40D50066F767 /* Release */,
			);
			defaultConfigurationIsVisible = 0;
			defaultConfigurationName = Release;
		};
		9680E0902B4A40D50066F767 /* Build configuration list for PBXNativeTarget "SocialNetworkUITests" */ = {
			isa = XCConfigurationList;
			buildConfigurations = (
				9680E0912B4A40D50066F767 /* Debug */,
				9680E0922B4A40D50066F767 /* Release */,
			);
			defaultConfigurationIsVisible = 0;
			defaultConfigurationName = Release;
		};
/* End XCConfigurationList section */

/* Begin XCRemoteSwiftPackageReference section */
		969470272B597728005A5044 /* XCRemoteSwiftPackageReference "firebase-ios-sdk" */ = {
			isa = XCRemoteSwiftPackageReference;
			repositoryURL = "https://github.com/firebase/firebase-ios-sdk";
			requirement = {
				kind = exactVersion;
				version = 10.15.0;
			};
		};
/* End XCRemoteSwiftPackageReference section */

/* Begin XCSwiftPackageProductDependency section */
		969470282B597728005A5044 /* FirebaseAuth */ = {
			isa = XCSwiftPackageProductDependency;
			package = 969470272B597728005A5044 /* XCRemoteSwiftPackageReference "firebase-ios-sdk" */;
			productName = FirebaseAuth;
		};
		9694702A2B597728005A5044 /* FirebaseAuthCombine-Community */ = {
			isa = XCSwiftPackageProductDependency;
			package = 969470272B597728005A5044 /* XCRemoteSwiftPackageReference "firebase-ios-sdk" */;
			productName = "FirebaseAuthCombine-Community";
		};
		9694702C2B597728005A5044 /* FirebaseDatabase */ = {
			isa = XCSwiftPackageProductDependency;
			package = 969470272B597728005A5044 /* XCRemoteSwiftPackageReference "firebase-ios-sdk" */;
			productName = FirebaseDatabase;
		};
		9694702E2B597728005A5044 /* FirebaseDatabaseSwift */ = {
			isa = XCSwiftPackageProductDependency;
			package = 969470272B597728005A5044 /* XCRemoteSwiftPackageReference "firebase-ios-sdk" */;
			productName = FirebaseDatabaseSwift;
		};
		969470302B597728005A5044 /* FirebaseFirestore */ = {
			isa = XCSwiftPackageProductDependency;
			package = 969470272B597728005A5044 /* XCRemoteSwiftPackageReference "firebase-ios-sdk" */;
			productName = FirebaseFirestore;
		};
		969470322B597728005A5044 /* FirebaseFirestoreCombine-Community */ = {
			isa = XCSwiftPackageProductDependency;
			package = 969470272B597728005A5044 /* XCRemoteSwiftPackageReference "firebase-ios-sdk" */;
			productName = "FirebaseFirestoreCombine-Community";
		};
		969470342B597728005A5044 /* FirebaseFirestoreSwift */ = {
			isa = XCSwiftPackageProductDependency;
			package = 969470272B597728005A5044 /* XCRemoteSwiftPackageReference "firebase-ios-sdk" */;
			productName = FirebaseFirestoreSwift;
		};
		969470362B597728005A5044 /* FirebaseStorage */ = {
			isa = XCSwiftPackageProductDependency;
			package = 969470272B597728005A5044 /* XCRemoteSwiftPackageReference "firebase-ios-sdk" */;
			productName = FirebaseStorage;
		};
		969470382B597728005A5044 /* FirebaseStorageCombine-Community */ = {
			isa = XCSwiftPackageProductDependency;
			package = 969470272B597728005A5044 /* XCRemoteSwiftPackageReference "firebase-ios-sdk" */;
			productName = "FirebaseStorageCombine-Community";
		};
/* End XCSwiftPackageProductDependency section */
	};
	rootObject = 9680E0582B4A40D40066F767 /* Project object */;
}
